
Microsoft Visual Studio Solution File, Format Version 12.00
# Visual Studio Version 17
VisualStudioVersion = 17.10.34928.147
MinimumVisualStudioVersion = 10.0.40219.1
Project("{9A19103F-16F7-4668-BE54-9A1E7A4F7556}") = "TaskRestAPI", "TaskRestAPI\TaskRestAPI.csproj", "{41885F26-7D5D-42DA-A192-9BFFDC6AD902}"
EndProject
Project("{9A19103F-16F7-4668-BE54-9A1E7A4F7556}") = "TaskManagementEntity", "TaskManagementEntity\TaskManagementEntity.csproj", "{45A19AF9-4FD5-4076-8AF2-A17371AF2166}"
EndProject
Project("{9A19103F-16F7-4668-BE54-9A1E7A4F7556}") = "TaskWorker", "TaskWorker\TaskWorker.csproj", "{203929F8-292A-4A8D-A0C1-00FDD199D9D4}"
EndProject
Project("{E53339B2-1760-4266-BCC7-CA923CBCF16C}") = "docker-compose", "docker-compose.dcproj", "{4F14C432-E2C4-4289-8196-6C6477DE43EA}"
EndProject
Global
	GlobalSection(SolutionConfigurationPlatforms) = preSolution
		Debug|Any CPU = Debug|Any CPU
		Release|Any CPU = Release|Any CPU
	EndGlobalSection
	GlobalSection(ProjectConfigurationPlatforms) = postSolution
		{41885F26-7D5D-42DA-A192-9BFFDC6AD902}.Debug|Any CPU.ActiveCfg = Debug|Any CPU
		{41885F26-7D5D-42DA-A192-9BFFDC6AD902}.Debug|Any CPU.Build.0 = Debug|Any CPU
		{41885F26-7D5D-42DA-A192-9BFFDC6AD902}.Release|Any CPU.ActiveCfg = Release|Any CPU
		{41885F26-7D5D-42DA-A192-9BFFDC6AD902}.Release|Any CPU.Build.0 = Release|Any CPU
		{45A19AF9-4FD5-4076-8AF2-A17371AF2166}.Debug|Any CPU.ActiveCfg = Debug|Any CPU
		{45A19AF9-4FD5-4076-8AF2-A17371AF2166}.Debug|Any CPU.Build.0 = Debug|Any CPU
		{45A19AF9-4FD5-4076-8AF2-A17371AF2166}.Release|Any CPU.ActiveCfg = Release|Any CPU
		{45A19AF9-4FD5-4076-8AF2-A17371AF2166}.Release|Any CPU.Build.0 = Release|Any CPU
		{203929F8-292A-4A8D-A0C1-00FDD199D9D4}.Debug|Any CPU.ActiveCfg = Debug|Any CPU
		{203929F8-292A-4A8D-A0C1-00FDD199D9D4}.Debug|Any CPU.Build.0 = Debug|Any CPU
		{203929F8-292A-4A8D-A0C1-00FDD199D9D4}.Release|Any CPU.ActiveCfg = Release|Any CPU
		{203929F8-292A-4A8D-A0C1-00FDD199D9D4}.Release|Any CPU.Build.0 = Release|Any CPU
		{4F14C432-E2C4-4289-8196-6C6477DE43EA}.Debug|Any CPU.ActiveCfg = Debug|Any CPU
		{4F14C432-E2C4-4289-8196-6C6477DE43EA}.Debug|Any CPU.Build.0 = Debug|Any CPU
		{4F14C432-E2C4-4289-8196-6C6477DE43EA}.Release|Any CPU.ActiveCfg = Release|Any CPU
		{4F14C432-E2C4-4289-8196-6C6477DE43EA}.Release|Any CPU.Build.0 = Release|Any CPU
	EndGlobalSection
	GlobalSection(SolutionProperties) = preSolution
		HideSolutionNode = FALSE
	EndGlobalSection
	GlobalSection(ExtensibilityGlobals) = postSolution
		SolutionGuid = {F065EBF5-139F-4251-A641-6660839CCF5B}
	EndGlobalSection
EndGlobal
